{
  "name": "panix",
  "version": "0.0.5",
  "lockfileVersion": 2,
  "requires": true,
  "packages": {
    "": {
      "name": "panix",
      "version": "0.0.5",
      "license": "see License in LICENSE",
      "dependencies": {
        "uglify-js": "^3.14.5"
      },
      "devDependencies": {
        "husky": "^7.0.4",
        "prettier": "^2.3.2",
        "rollup": "^2.58.0"
      }
    },
    "node_modules/fsevents": {
      "version": "2.3.2",
      "resolved": "https://registry.npmjs.org/fsevents/-/fsevents-2.3.2.tgz",
      "integrity": "sha512-xiqMQR4xAeHTuB9uWm+fFRcIOgKBMiOBP+eXiyT7jsgVCq1bkVygt00oASowB7EdtpOHaaPgKt812P9ab+DDKA==",
      "dev": true,
      "hasInstallScript": true,
      "optional": true,
      "os": [
        "darwin"
      ],
      "engines": {
        "node": "^8.16.0 || ^10.6.0 || >=11.0.0"
      }
    },
    "node_modules/husky": {
      "version": "7.0.4",
      "resolved": "https://registry.npmjs.org/husky/-/husky-7.0.4.tgz",
      "integrity": "sha512-vbaCKN2QLtP/vD4yvs6iz6hBEo6wkSzs8HpRah1Z6aGmF2KW5PdYuAd7uX5a+OyBZHBhd+TFLqgjUgytQr4RvQ==",
      "dev": true,
      "bin": {
        "husky": "lib/bin.js"
      },
      "engines": {
        "node": ">=12"
      },
      "funding": {
        "url": "https://github.com/sponsors/typicode"
      }
    },
    "node_modules/prettier": {
      "version": "2.5.1",
      "resolved": "https://registry.npmjs.org/prettier/-/prettier-2.5.1.tgz",
      "integrity": "sha512-vBZcPRUR5MZJwoyi3ZoyQlc1rXeEck8KgeC9AwwOn+exuxLxq5toTRDTSaVrXHxelDMHy9zlicw8u66yxoSUFg==",
      "dev": true,
      "bin": {
        "prettier": "bin-prettier.js"
      },
      "engines": {
        "node": ">=10.13.0"
      }
    },
    "node_modules/rollup": {
      "version": "2.66.0",
      "resolved": "https://registry.npmjs.org/rollup/-/rollup-2.66.0.tgz",
      "integrity": "sha512-L6mKOkdyP8HK5kKJXaiWG7KZDumPJjuo1P+cfyHOJPNNTK3Moe7zCH5+fy7v8pVmHXtlxorzaBjvkBMB23s98g==",
      "dev": true,
      "bin": {
        "rollup": "dist/bin/rollup"
      },
      "engines": {
        "node": ">=10.0.0"
      },
      "optionalDependencies": {
        "fsevents": "~2.3.2"
      }
    },
    "node_modules/uglify-js": {
      "version": "3.14.5",
      "resolved": "https://registry.npmjs.org/uglify-js/-/uglify-js-3.14.5.tgz",
      "integrity": "sha512-qZukoSxOG0urUTvjc2ERMTcAy+BiFh3weWAkeurLwjrCba73poHmG3E36XEjd/JGukMzwTL7uCxZiAexj8ppvQ==",
      "bin": {
        "uglifyjs": "bin/uglifyjs"
      },
      "engines": {
        "node": ">=0.8.0"
      }
    }
  },
  "dependencies": {
    "fsevents": {
      "version": "2.3.2",
      "resolved": "https://registry.npmjs.org/fsevents/-/fsevents-2.3.2.tgz",
      "integrity": "sha512-xiqMQR4xAeHTuB9uWm+fFRcIOgKBMiOBP+eXiyT7jsgVCq1bkVygt00oASowB7EdtpOHaaPgKt812P9ab+DDKA==",
      "dev": true,
      "optional": true
    },
    "husky": {
      "version": "7.0.4",
      "resolved": "https://registry.npmjs.org/husky/-/husky-7.0.4.tgz",
      "integrity": "sha512-vbaCKN2QLtP/vD4yvs6iz6hBEo6wkSzs8HpRah1Z6aGmF2KW5PdYuAd7uX5a+OyBZHBhd+TFLqgjUgytQr4RvQ==",
      "dev": true
    },
    "prettier": {
      "version": "2.5.1",
      "resolved": "https://registry.npmjs.org/prettier/-/prettier-2.5.1.tgz",
      "integrity": "sha512-vBZcPRUR5MZJwoyi3ZoyQlc1rXeEck8KgeC9AwwOn+exuxLxq5toTRDTSaVrXHxelDMHy9zlicw8u66yxoSUFg==",
      "dev": true
    },
    "rollup": {
      "version": "2.66.0",
      "resolved": "https://registry.npmjs.org/rollup/-/rollup-2.66.0.tgz",
      "integrity": "sha512-L6mKOkdyP8HK5kKJXaiWG7KZDumPJjuo1P+cfyHOJPNNTK3Moe7zCH5+fy7v8pVmHXtlxorzaBjvkBMB23s98g==",
      "dev": true,
      "requires": {
        "fsevents": "~2.3.2"
      }
    },
    "uglify-js": {
      "version": "3.14.5",
      "resolved": "https://registry.npmjs.org/uglify-js/-/uglify-js-3.14.5.tgz",
      "integrity": "sha512-qZukoSxOG0urUTvjc2ERMTcAy+BiFh3weWAkeurLwjrCba73poHmG3E36XEjd/JGukMzwTL7uCxZiAexj8ppvQ=="
    }
  }
}
